
Microsoft Visual Studio Solution File, Format Version 12.00
# Visual Studio 15
VisualStudioVersion = 15.0.28307.1259
MinimumVisualStudioVersion = 10.0.40219.1
Project("{8BC9CEB8-8B4A-11D0-8D11-00A0C91BC942}") = "6.37", "6.37\6.37.vcxproj", "{3C5796C6-FDAA-4581-A8C3-972096367577}"
EndProject
Global
	GlobalSection(SolutionConfigurationPlatforms) = preSolution
		Debug|x64 = Debug|x64
		Debug|x86 = Debug|x86
		Release|x64 = Release|x64
		Release|x86 = Release|x86
	EndGlobalSection
	GlobalSection(ProjectConfigurationPlatforms) = postSolution
		{3C5796C6-FDAA-4581-A8C3-972096367577}.Debug|x64.ActiveCfg = Debug|x64
		{3C5796C6-FDAA-4581-A8C3-972096367577}.Debug|x64.Build.0 = Debug|x64
		{3C5796C6-FDAA-4581-A8C3-972096367577}.Debug|x86.ActiveCfg = Debug|Win32
		{3C5796C6-FDAA-4581-A8C3-972096367577}.Debug|x86.Build.0 = Debug|Win32
		{3C5796C6-FDAA-4581-A8C3-972096367577}.Release|x64.ActiveCfg = Release|x64
		{3C5796C6-FDAA-4581-A8C3-972096367577}.Release|x64.Build.0 = Release|x64
		{3C5796C6-FDAA-4581-A8C3-972096367577}.Release|x86.ActiveCfg = Release|Win32
		{3C5796C6-FDAA-4581-A8C3-972096367577}.Release|x86.Build.0 = Release|Win32
	EndGlobalSection
	GlobalSection(SolutionProperties) = preSolution
		HideSolutionNode = FALSE
	EndGlobalSection
	GlobalSection(ExtensibilityGlobals) = postSolution
		SolutionGuid = {DC75320B-BF42-4C5B-B1F1-B4ED950FDEBE}
	EndGlobalSection
EndGlobal
